
Microsoft Visual Studio Solution File, Format Version 12.00
# Visual Studio Version 16
VisualStudioVersion = 16.0.31702.278
MinimumVisualStudioVersion = 10.0.40219.1
Project("{FAE04EC0-301F-11D3-BF4B-00C04F79EFBC}") = "DrawingProj", "DrawingProj\DrawingProj.csproj", "{9F673C85-80E0-48CC-BF23-9A8526B55E04}"
EndProject
Global
	GlobalSection(SolutionConfigurationPlatforms) = preSolution
		Debug|Any CPU = Debug|Any CPU
		Release|Any CPU = Release|Any CPU
	EndGlobalSection
	GlobalSection(ProjectConfigurationPlatforms) = postSolution
		{9F673C85-80E0-48CC-BF23-9A8526B55E04}.Debug|Any CPU.ActiveCfg = Debug|Any CPU
		{9F673C85-80E0-48CC-BF23-9A8526B55E04}.Debug|Any CPU.Build.0 = Debug|Any CPU
		{9F673C85-80E0-48CC-BF23-9A8526B55E04}.Release|Any CPU.ActiveCfg = Release|Any CPU
		{9F673C85-80E0-48CC-BF23-9A8526B55E04}.Release|Any CPU.Build.0 = Release|Any CPU
	EndGlobalSection
	GlobalSection(SolutionProperties) = preSolution
		HideSolutionNode = FALSE
	EndGlobalSection
	GlobalSection(ExtensibilityGlobals) = postSolution
		SolutionGuid = {20AF64FC-8605-4A09-BFB9-D97EA2B30678}
	EndGlobalSection
EndGlobal
